
Microsoft Visual Studio Solution File, Format Version 12.00
# Visual Studio Version 17
VisualStudioVersion = 17.4.33103.184
MinimumVisualStudioVersion = 10.0.40219.1
Project("{FAE04EC0-301F-11D3-BF4B-00C04F79EFBC}") = "gitexample", "gitexample\gitexample.csproj", "{708E7B13-F3EA-4081-9441-5DA3DCD4F23C}"
EndProject
Global
	GlobalSection(SolutionConfigurationPlatforms) = preSolution
		Debug|Any CPU = Debug|Any CPU
		Release|Any CPU = Release|Any CPU
	EndGlobalSection
	GlobalSection(ProjectConfigurationPlatforms) = postSolution
		{708E7B13-F3EA-4081-9441-5DA3DCD4F23C}.Debug|Any CPU.ActiveCfg = Debug|Any CPU
		{708E7B13-F3EA-4081-9441-5DA3DCD4F23C}.Debug|Any CPU.Build.0 = Debug|Any CPU
		{708E7B13-F3EA-4081-9441-5DA3DCD4F23C}.Release|Any CPU.ActiveCfg = Release|Any CPU
		{708E7B13-F3EA-4081-9441-5DA3DCD4F23C}.Release|Any CPU.Build.0 = Release|Any CPU
	EndGlobalSection
	GlobalSection(SolutionProperties) = preSolution
		HideSolutionNode = FALSE
	EndGlobalSection
	GlobalSection(ExtensibilityGlobals) = postSolution
		SolutionGuid = {1F88B247-B132-48EC-8A93-B49A31FF34EF}
	EndGlobalSection
EndGlobal
